
Microsoft Visual Studio Solution File, Format Version 12.00
# Visual Studio Version 17
VisualStudioVersion = 17.0.31903.59
MinimumVisualStudioVersion = 10.0.40219.1
Project("{FAE04EC0-301F-11D3-BF4B-00C04F79EFBC}") = "MestraNyx.Domain", "MestraNyx.Domain\MestraNyx.Domain.csproj", "{0354C8C3-71B6-4FC5-A752-0621C7DA911C}"
EndProject
Project("{FAE04EC0-301F-11D3-BF4B-00C04F79EFBC}") = "MestraNyx.Application", "MestraNyx.Application\MestraNyx.Application.csproj", "{B0ABAE4D-F229-4D02-BC0A-B91A30F0A04A}"
EndProject
Project("{FAE04EC0-301F-11D3-BF4B-00C04F79EFBC}") = "MestraNyx.Infrastructure", "MestraNyx.Infrastructure\MestraNyx.Infrastructure.csproj", "{DDA57C65-622D-4F22-8ECD-009A435994F8}"
EndProject
Project("{FAE04EC0-301F-11D3-BF4B-00C04F79EFBC}") = "MestraNyx.API", "MestraNyx.API\MestraNyx.API.csproj", "{5CD99B64-A7D8-4139-BBA2-0CFD4D791D76}"
EndProject
Project("{FAE04EC0-301F-11D3-BF4B-00C04F79EFBC}") = "MestraNyx.Application.UnitTests", "..\tests\MestraNyx.Application.UnitTests\MestraNyx.Application.UnitTests.csproj", "{7F1BBD5D-113E-4E27-BFA3-03CA12471DAB}"
EndProject
Global
	GlobalSection(SolutionConfigurationPlatforms) = preSolution
		Debug|Any CPU = Debug|Any CPU
		Debug|x64 = Debug|x64
		Debug|x86 = Debug|x86
		Release|Any CPU = Release|Any CPU
		Release|x64 = Release|x64
		Release|x86 = Release|x86
	EndGlobalSection
	GlobalSection(ProjectConfigurationPlatforms) = postSolution
		{0354C8C3-71B6-4FC5-A752-0621C7DA911C}.Debug|Any CPU.ActiveCfg = Debug|Any CPU
		{0354C8C3-71B6-4FC5-A752-0621C7DA911C}.Debug|Any CPU.Build.0 = Debug|Any CPU
		{0354C8C3-71B6-4FC5-A752-0621C7DA911C}.Debug|x64.ActiveCfg = Debug|Any CPU
		{0354C8C3-71B6-4FC5-A752-0621C7DA911C}.Debug|x64.Build.0 = Debug|Any CPU
		{0354C8C3-71B6-4FC5-A752-0621C7DA911C}.Debug|x86.ActiveCfg = Debug|Any CPU
		{0354C8C3-71B6-4FC5-A752-0621C7DA911C}.Debug|x86.Build.0 = Debug|Any CPU
		{0354C8C3-71B6-4FC5-A752-0621C7DA911C}.Release|Any CPU.ActiveCfg = Release|Any CPU
		{0354C8C3-71B6-4FC5-A752-0621C7DA911C}.Release|Any CPU.Build.0 = Release|Any CPU
		{0354C8C3-71B6-4FC5-A752-0621C7DA911C}.Release|x64.ActiveCfg = Release|Any CPU
		{0354C8C3-71B6-4FC5-A752-0621C7DA911C}.Release|x64.Build.0 = Release|Any CPU
		{0354C8C3-71B6-4FC5-A752-0621C7DA911C}.Release|x86.ActiveCfg = Release|Any CPU
		{0354C8C3-71B6-4FC5-A752-0621C7DA911C}.Release|x86.Build.0 = Release|Any CPU
		{B0ABAE4D-F229-4D02-BC0A-B91A30F0A04A}.Debug|Any CPU.ActiveCfg = Debug|Any CPU
		{B0ABAE4D-F229-4D02-BC0A-B91A30F0A04A}.Debug|Any CPU.Build.0 = Debug|Any CPU
		{B0ABAE4D-F229-4D02-BC0A-B91A30F0A04A}.Debug|x64.ActiveCfg = Debug|Any CPU
		{B0ABAE4D-F229-4D02-BC0A-B91A30F0A04A}.Debug|x64.Build.0 = Debug|Any CPU
		{B0ABAE4D-F229-4D02-BC0A-B91A30F0A04A}.Debug|x86.ActiveCfg = Debug|Any CPU
		{B0ABAE4D-F229-4D02-BC0A-B91A30F0A04A}.Debug|x86.Build.0 = Debug|Any CPU
		{B0ABAE4D-F229-4D02-BC0A-B91A30F0A04A}.Release|Any CPU.ActiveCfg = Release|Any CPU
		{B0ABAE4D-F229-4D02-BC0A-B91A30F0A04A}.Release|Any CPU.Build.0 = Release|Any CPU
		{B0ABAE4D-F229-4D02-BC0A-B91A30F0A04A}.Release|x64.ActiveCfg = Release|Any CPU
		{B0ABAE4D-F229-4D02-BC0A-B91A30F0A04A}.Release|x64.Build.0 = Release|Any CPU
		{B0ABAE4D-F229-4D02-BC0A-B91A30F0A04A}.Release|x86.ActiveCfg = Release|Any CPU
		{B0ABAE4D-F229-4D02-BC0A-B91A30F0A04A}.Release|x86.Build.0 = Release|Any CPU
		{DDA57C65-622D-4F22-8ECD-009A435994F8}.Debug|Any CPU.ActiveCfg = Debug|Any CPU
		{DDA57C65-622D-4F22-8ECD-009A435994F8}.Debug|Any CPU.Build.0 = Debug|Any CPU
		{DDA57C65-622D-4F22-8ECD-009A435994F8}.Debug|x64.ActiveCfg = Debug|Any CPU
		{DDA57C65-622D-4F22-8ECD-009A435994F8}.Debug|x64.Build.0 = Debug|Any CPU
		{DDA57C65-622D-4F22-8ECD-009A435994F8}.Debug|x86.ActiveCfg = Debug|Any CPU
		{DDA57C65-622D-4F22-8ECD-009A435994F8}.Debug|x86.Build.0 = Debug|Any CPU
		{DDA57C65-622D-4F22-8ECD-009A435994F8}.Release|Any CPU.ActiveCfg = Release|Any CPU
		{DDA57C65-622D-4F22-8ECD-009A435994F8}.Release|Any CPU.Build.0 = Release|Any CPU
		{DDA57C65-622D-4F22-8ECD-009A435994F8}.Release|x64.ActiveCfg = Release|Any CPU
		{DDA57C65-622D-4F22-8ECD-009A435994F8}.Release|x64.Build.0 = Release|Any CPU
		{DDA57C65-622D-4F22-8ECD-009A435994F8}.Release|x86.ActiveCfg = Release|Any CPU
		{DDA57C65-622D-4F22-8ECD-009A435994F8}.Release|x86.Build.0 = Release|Any CPU
		{5CD99B64-A7D8-4139-BBA2-0CFD4D791D76}.Debug|Any CPU.ActiveCfg = Debug|Any CPU
		{5CD99B64-A7D8-4139-BBA2-0CFD4D791D76}.Debug|Any CPU.Build.0 = Debug|Any CPU
		{5CD99B64-A7D8-4139-BBA2-0CFD4D791D76}.Debug|x64.ActiveCfg = Debug|Any CPU
		{5CD99B64-A7D8-4139-BBA2-0CFD4D791D76}.Debug|x64.Build.0 = Debug|Any CPU
		{5CD99B64-A7D8-4139-BBA2-0CFD4D791D76}.Debug|x86.ActiveCfg = Debug|Any CPU
		{5CD99B64-A7D8-4139-BBA2-0CFD4D791D76}.Debug|x86.Build.0 = Debug|Any CPU
		{5CD99B64-A7D8-4139-BBA2-0CFD4D791D76}.Release|Any CPU.ActiveCfg = Release|Any CPU
		{5CD99B64-A7D8-4139-BBA2-0CFD4D791D76}.Release|Any CPU.Build.0 = Release|Any CPU
		{5CD99B64-A7D8-4139-BBA2-0CFD4D791D76}.Release|x64.ActiveCfg = Release|Any CPU
		{5CD99B64-A7D8-4139-BBA2-0CFD4D791D76}.Release|x64.Build.0 = Release|Any CPU
		{5CD99B64-A7D8-4139-BBA2-0CFD4D791D76}.Release|x86.ActiveCfg = Release|Any CPU
		{5CD99B64-A7D8-4139-BBA2-0CFD4D791D76}.Release|x86.Build.0 = Release|Any CPU
		{7F1BBD5D-113E-4E27-BFA3-03CA12471DAB}.Debug|Any CPU.ActiveCfg = Debug|Any CPU
		{7F1BBD5D-113E-4E27-BFA3-03CA12471DAB}.Debug|Any CPU.Build.0 = Debug|Any CPU
		{7F1BBD5D-113E-4E27-BFA3-03CA12471DAB}.Debug|x64.ActiveCfg = Debug|Any CPU
		{7F1BBD5D-113E-4E27-BFA3-03CA12471DAB}.Debug|x64.Build.0 = Debug|Any CPU
		{7F1BBD5D-113E-4E27-BFA3-03CA12471DAB}.Debug|x86.ActiveCfg = Debug|Any CPU
		{7F1BBD5D-113E-4E27-BFA3-03CA12471DAB}.Debug|x86.Build.0 = Debug|Any CPU
		{7F1BBD5D-113E-4E27-BFA3-03CA12471DAB}.Release|Any CPU.ActiveCfg = Release|Any CPU
		{7F1BBD5D-113E-4E27-BFA3-03CA12471DAB}.Release|Any CPU.Build.0 = Release|Any CPU
		{7F1BBD5D-113E-4E27-BFA3-03CA12471DAB}.Release|x64.ActiveCfg = Release|Any CPU
		{7F1BBD5D-113E-4E27-BFA3-03CA12471DAB}.Release|x64.Build.0 = Release|Any CPU
		{7F1BBD5D-113E-4E27-BFA3-03CA12471DAB}.Release|x86.ActiveCfg = Release|Any CPU
		{7F1BBD5D-113E-4E27-BFA3-03CA12471DAB}.Release|x86.Build.0 = Release|Any CPU
	EndGlobalSection
	GlobalSection(SolutionProperties) = preSolution
		HideSolutionNode = FALSE
	EndGlobalSection
EndGlobal
